
Microsoft Visual Studio Solution File, Format Version 12.00
# Visual Studio 15
VisualStudioVersion = 15.0.26430.4
MinimumVisualStudioVersion = 10.0.40219.1
Project("{8BC9CEB8-8B4A-11D0-8D11-00A0C91BC942}") = "Assembler", "Assembler\Assembler.vcxproj", "{488C5FB8-2C6C-41D1-B8BF-5E65FBEE3A44}"
EndProject
Global
	GlobalSection(SolutionConfigurationPlatforms) = preSolution
		Debug|x64 = Debug|x64
		Debug|x86 = Debug|x86
		Release|x64 = Release|x64
		Release|x86 = Release|x86
	EndGlobalSection
	GlobalSection(ProjectConfigurationPlatforms) = postSolution
		{488C5FB8-2C6C-41D1-B8BF-5E65FBEE3A44}.Debug|x64.ActiveCfg = Debug|x64
		{488C5FB8-2C6C-41D1-B8BF-5E65FBEE3A44}.Debug|x64.Build.0 = Debug|x64
		{488C5FB8-2C6C-41D1-B8BF-5E65FBEE3A44}.Debug|x86.ActiveCfg = Debug|Win32
		{488C5FB8-2C6C-41D1-B8BF-5E65FBEE3A44}.Debug|x86.Build.0 = Debug|Win32
		{488C5FB8-2C6C-41D1-B8BF-5E65FBEE3A44}.Release|x64.ActiveCfg = Release|x64
		{488C5FB8-2C6C-41D1-B8BF-5E65FBEE3A44}.Release|x64.Build.0 = Release|x64
		{488C5FB8-2C6C-41D1-B8BF-5E65FBEE3A44}.Release|x86.ActiveCfg = Release|Win32
		{488C5FB8-2C6C-41D1-B8BF-5E65FBEE3A44}.Release|x86.Build.0 = Release|Win32
	EndGlobalSection
	GlobalSection(SolutionProperties) = preSolution
		HideSolutionNode = FALSE
	EndGlobalSection
EndGlobal
